
Microsoft Visual Studio Solution File, Format Version 12.00
# Visual Studio 15
Project("{FAE04EC0-301F-11D3-BF4B-00C04F79EFBC}") = "WebViewReloadBug.Android", "WebViewReloadBug.Android\WebViewReloadBug.Android.csproj", "{9344AC3C-EA90-47A1-BCDE-E90A9DD25604}"
EndProject
Project("{FAE04EC0-301F-11D3-BF4B-00C04F79EFBC}") = "WebViewReloadBug.iOS", "WebViewReloadBug.iOS\WebViewReloadBug.iOS.csproj", "{1E07A509-3E41-4768-88B4-769F554682DD}"
EndProject
Project("{FAE04EC0-301F-11D3-BF4B-00C04F79EFBC}") = "WebViewReloadBug", "WebViewReloadBug\WebViewReloadBug.csproj", "{753F5EC9-B736-4D88-922F-05A41E43B1DF}"
EndProject
Global
	GlobalSection(SolutionConfigurationPlatforms) = preSolution
		Debug|Any CPU = Debug|Any CPU
		Release|Any CPU = Release|Any CPU
		Debug|iPhoneSimulator = Debug|iPhoneSimulator
		Release|iPhoneSimulator = Release|iPhoneSimulator
		Debug|iPhone = Debug|iPhone
		Release|iPhone = Release|iPhone
	EndGlobalSection
	GlobalSection(ProjectConfigurationPlatforms) = postSolution
		{9344AC3C-EA90-47A1-BCDE-E90A9DD25604}.Debug|Any CPU.ActiveCfg = Debug|Any CPU
		{9344AC3C-EA90-47A1-BCDE-E90A9DD25604}.Debug|Any CPU.Build.0 = Debug|Any CPU
		{9344AC3C-EA90-47A1-BCDE-E90A9DD25604}.Release|Any CPU.ActiveCfg = Release|Any CPU
		{9344AC3C-EA90-47A1-BCDE-E90A9DD25604}.Release|Any CPU.Build.0 = Release|Any CPU
		{9344AC3C-EA90-47A1-BCDE-E90A9DD25604}.Debug|iPhoneSimulator.ActiveCfg = Debug|Any CPU
		{9344AC3C-EA90-47A1-BCDE-E90A9DD25604}.Debug|iPhoneSimulator.Build.0 = Debug|Any CPU
		{9344AC3C-EA90-47A1-BCDE-E90A9DD25604}.Release|iPhoneSimulator.ActiveCfg = Release|Any CPU
		{9344AC3C-EA90-47A1-BCDE-E90A9DD25604}.Release|iPhoneSimulator.Build.0 = Release|Any CPU
		{9344AC3C-EA90-47A1-BCDE-E90A9DD25604}.Debug|iPhone.ActiveCfg = Debug|Any CPU
		{9344AC3C-EA90-47A1-BCDE-E90A9DD25604}.Debug|iPhone.Build.0 = Debug|Any CPU
		{9344AC3C-EA90-47A1-BCDE-E90A9DD25604}.Release|iPhone.ActiveCfg = Release|Any CPU
		{9344AC3C-EA90-47A1-BCDE-E90A9DD25604}.Release|iPhone.Build.0 = Release|Any CPU
		{1E07A509-3E41-4768-88B4-769F554682DD}.Debug|Any CPU.ActiveCfg = Debug|iPhoneSimulator
		{1E07A509-3E41-4768-88B4-769F554682DD}.Debug|Any CPU.Build.0 = Debug|iPhoneSimulator
		{1E07A509-3E41-4768-88B4-769F554682DD}.Release|Any CPU.ActiveCfg = Release|iPhoneSimulator
		{1E07A509-3E41-4768-88B4-769F554682DD}.Release|Any CPU.Build.0 = Release|iPhoneSimulator
		{1E07A509-3E41-4768-88B4-769F554682DD}.Debug|iPhoneSimulator.ActiveCfg = Debug|iPhoneSimulator
		{1E07A509-3E41-4768-88B4-769F554682DD}.Debug|iPhoneSimulator.Build.0 = Debug|iPhoneSimulator
		{1E07A509-3E41-4768-88B4-769F554682DD}.Release|iPhoneSimulator.ActiveCfg = Release|iPhoneSimulator
		{1E07A509-3E41-4768-88B4-769F554682DD}.Release|iPhoneSimulator.Build.0 = Release|iPhoneSimulator
		{1E07A509-3E41-4768-88B4-769F554682DD}.Debug|iPhone.ActiveCfg = Debug|iPhone
		{1E07A509-3E41-4768-88B4-769F554682DD}.Debug|iPhone.Build.0 = Debug|iPhone
		{1E07A509-3E41-4768-88B4-769F554682DD}.Release|iPhone.ActiveCfg = Release|iPhone
		{1E07A509-3E41-4768-88B4-769F554682DD}.Release|iPhone.Build.0 = Release|iPhone
		{753F5EC9-B736-4D88-922F-05A41E43B1DF}.Debug|Any CPU.ActiveCfg = Debug|Any CPU
		{753F5EC9-B736-4D88-922F-05A41E43B1DF}.Debug|Any CPU.Build.0 = Debug|Any CPU
		{753F5EC9-B736-4D88-922F-05A41E43B1DF}.Release|Any CPU.ActiveCfg = Release|Any CPU
		{753F5EC9-B736-4D88-922F-05A41E43B1DF}.Release|Any CPU.Build.0 = Release|Any CPU
		{753F5EC9-B736-4D88-922F-05A41E43B1DF}.Debug|iPhoneSimulator.ActiveCfg = Debug|Any CPU
		{753F5EC9-B736-4D88-922F-05A41E43B1DF}.Debug|iPhoneSimulator.Build.0 = Debug|Any CPU
		{753F5EC9-B736-4D88-922F-05A41E43B1DF}.Release|iPhoneSimulator.ActiveCfg = Release|Any CPU
		{753F5EC9-B736-4D88-922F-05A41E43B1DF}.Release|iPhoneSimulator.Build.0 = Release|Any CPU
		{753F5EC9-B736-4D88-922F-05A41E43B1DF}.Debug|iPhone.ActiveCfg = Debug|Any CPU
		{753F5EC9-B736-4D88-922F-05A41E43B1DF}.Debug|iPhone.Build.0 = Debug|Any CPU
		{753F5EC9-B736-4D88-922F-05A41E43B1DF}.Release|iPhone.ActiveCfg = Release|Any CPU
		{753F5EC9-B736-4D88-922F-05A41E43B1DF}.Release|iPhone.Build.0 = Release|Any CPU
	EndGlobalSection
EndGlobal
